
Microsoft Visual Studio Solution File, Format Version 12.00
# Visual Studio Version 17
VisualStudioVersion = 17.12.35527.113 d17.12
MinimumVisualStudioVersion = 10.0.40219.1
Project("{FAE04EC0-301F-11D3-BF4B-00C04F79EFBC}") = "Calculadora", "Calculadora\Calculadora.csproj", "{B864E9D9-9F8E-4935-A9A5-868E70D11867}"
EndProject
Global
	GlobalSection(SolutionConfigurationPlatforms) = preSolution
		Debug|Any CPU = Debug|Any CPU
		Release|Any CPU = Release|Any CPU
	EndGlobalSection
	GlobalSection(ProjectConfigurationPlatforms) = postSolution
		{B864E9D9-9F8E-4935-A9A5-868E70D11867}.Debug|Any CPU.ActiveCfg = Debug|Any CPU
		{B864E9D9-9F8E-4935-A9A5-868E70D11867}.Debug|Any CPU.Build.0 = Debug|Any CPU
		{B864E9D9-9F8E-4935-A9A5-868E70D11867}.Release|Any CPU.ActiveCfg = Release|Any CPU
		{B864E9D9-9F8E-4935-A9A5-868E70D11867}.Release|Any CPU.Build.0 = Release|Any CPU
	EndGlobalSection
	GlobalSection(SolutionProperties) = preSolution
		HideSolutionNode = FALSE
	EndGlobalSection
EndGlobal
